
Microsoft Visual Studio Solution File, Format Version 12.00
# Visual Studio Version 17
VisualStudioVersion = 17.4.33110.190
MinimumVisualStudioVersion = 10.0.40219.1
Project("{9A19103F-16F7-4668-BE54-9A1E7A4F7556}") = "OwnTesting", "OwnTesting\OwnTesting.csproj", "{214BBDB2-6AE0-48A3-9F5D-DED0529420D2}"
EndProject
Project("{9A19103F-16F7-4668-BE54-9A1E7A4F7556}") = "HelloWorldProgram", "HelloWorldProgram\HelloWorldProgram.csproj", "{14DF4E75-2C56-4A12-AF77-F8A0D578AF31}"
EndProject
Global
	GlobalSection(SolutionConfigurationPlatforms) = preSolution
		Debug|Any CPU = Debug|Any CPU
		Release|Any CPU = Release|Any CPU
	EndGlobalSection
	GlobalSection(ProjectConfigurationPlatforms) = postSolution
		{214BBDB2-6AE0-48A3-9F5D-DED0529420D2}.Debug|Any CPU.ActiveCfg = Debug|Any CPU
		{214BBDB2-6AE0-48A3-9F5D-DED0529420D2}.Debug|Any CPU.Build.0 = Debug|Any CPU
		{214BBDB2-6AE0-48A3-9F5D-DED0529420D2}.Release|Any CPU.ActiveCfg = Release|Any CPU
		{214BBDB2-6AE0-48A3-9F5D-DED0529420D2}.Release|Any CPU.Build.0 = Release|Any CPU
		{14DF4E75-2C56-4A12-AF77-F8A0D578AF31}.Debug|Any CPU.ActiveCfg = Debug|Any CPU
		{14DF4E75-2C56-4A12-AF77-F8A0D578AF31}.Debug|Any CPU.Build.0 = Debug|Any CPU
		{14DF4E75-2C56-4A12-AF77-F8A0D578AF31}.Release|Any CPU.ActiveCfg = Release|Any CPU
		{14DF4E75-2C56-4A12-AF77-F8A0D578AF31}.Release|Any CPU.Build.0 = Release|Any CPU
	EndGlobalSection
	GlobalSection(SolutionProperties) = preSolution
		HideSolutionNode = FALSE
	EndGlobalSection
	GlobalSection(ExtensibilityGlobals) = postSolution
		SolutionGuid = {B5549BB7-6B4C-4B7B-BACF-D4C3D8D89C83}
	EndGlobalSection
EndGlobal
